Microsoft Visual Studio Solution File, Format Version 11.00
# Visual Studio 2008

Project("{DF15BD02-0D59-5896-9E66-DDF9629C4CA6}") = "VRMW", "Assembly-CSharp-firstpass.csproj", "{1DCB00AB-A512-9873-6DC2-1EA80496D6D1}"
EndProject
Project("{DF15BD02-0D59-5896-9E66-DDF9629C4CA6}") = "VRMW", "Assembly-CSharp.csproj", "{6F294977-9FE0-5847-C0DA-44BEE5E89BC1}"
EndProject
Project("{DF15BD02-0D59-5896-9E66-DDF9629C4CA6}") = "VRMW", "Assembly-CSharp-Editor-firstpass.csproj", "{A8699DAC-610E-9BA9-EED8-0D89ED6EBF22}"
EndProject
Project("{DF15BD02-0D59-5896-9E66-DDF9629C4CA6}") = "VRMW", "Assembly-CSharp-Editor.csproj", "{EE5A89C9-E388-488F-BAAF-8E689EA3C85A}"
EndProject
Project("{DF15BD02-0D59-5896-9E66-DDF9629C4CA6}") = "VRMW", "Assembly-UnityScript.unityproj", "{1BD33EC0-8B28-E17A-16E7-828BC7957D49}"
EndProject
Project("{DF15BD02-0D59-5896-9E66-DDF9629C4CA6}") = "VRMW", "Assembly-UnityScript-Editor-firstpass.unityproj", "{D61B0499-5A18-F822-4B5D-FD4CDCE0125B}"
EndProject
Global
	GlobalSection(SolutionConfigurationPlatforms) = preSolution
		Debug|Any CPU = Debug|Any CPU
		Release|Any CPU = Release|Any CPU
	EndGlobalSection
	GlobalSection(ProjectConfigurationPlatforms) = postSolution
		{1DCB00AB-A512-9873-6DC2-1EA80496D6D1}.Debug|Any CPU.ActiveCfg = Debug|Any CPU
		{1DCB00AB-A512-9873-6DC2-1EA80496D6D1}.Debug|Any CPU.Build.0 = Debug|Any CPU
		{1DCB00AB-A512-9873-6DC2-1EA80496D6D1}.Release|Any CPU.ActiveCfg = Release|Any CPU
		{1DCB00AB-A512-9873-6DC2-1EA80496D6D1}.Release|Any CPU.Build.0 = Release|Any CPU
		{6F294977-9FE0-5847-C0DA-44BEE5E89BC1}.Debug|Any CPU.ActiveCfg = Debug|Any CPU
		{6F294977-9FE0-5847-C0DA-44BEE5E89BC1}.Debug|Any CPU.Build.0 = Debug|Any CPU
		{6F294977-9FE0-5847-C0DA-44BEE5E89BC1}.Release|Any CPU.ActiveCfg = Release|Any CPU
		{6F294977-9FE0-5847-C0DA-44BEE5E89BC1}.Release|Any CPU.Build.0 = Release|Any CPU
		{A8699DAC-610E-9BA9-EED8-0D89ED6EBF22}.Debug|Any CPU.ActiveCfg = Debug|Any CPU
		{A8699DAC-610E-9BA9-EED8-0D89ED6EBF22}.Debug|Any CPU.Build.0 = Debug|Any CPU
		{A8699DAC-610E-9BA9-EED8-0D89ED6EBF22}.Release|Any CPU.ActiveCfg = Release|Any CPU
		{A8699DAC-610E-9BA9-EED8-0D89ED6EBF22}.Release|Any CPU.Build.0 = Release|Any CPU
		{EE5A89C9-E388-488F-BAAF-8E689EA3C85A}.Debug|Any CPU.ActiveCfg = Debug|Any CPU
		{EE5A89C9-E388-488F-BAAF-8E689EA3C85A}.Debug|Any CPU.Build.0 = Debug|Any CPU
		{EE5A89C9-E388-488F-BAAF-8E689EA3C85A}.Release|Any CPU.ActiveCfg = Release|Any CPU
		{EE5A89C9-E388-488F-BAAF-8E689EA3C85A}.Release|Any CPU.Build.0 = Release|Any CPU
		{1BD33EC0-8B28-E17A-16E7-828BC7957D49}.Debug|Any CPU.ActiveCfg = Debug|Any CPU
		{1BD33EC0-8B28-E17A-16E7-828BC7957D49}.Debug|Any CPU.Build.0 = Debug|Any CPU
		{1BD33EC0-8B28-E17A-16E7-828BC7957D49}.Release|Any CPU.ActiveCfg = Release|Any CPU
		{1BD33EC0-8B28-E17A-16E7-828BC7957D49}.Release|Any CPU.Build.0 = Release|Any CPU
		{D61B0499-5A18-F822-4B5D-FD4CDCE0125B}.Debug|Any CPU.ActiveCfg = Debug|Any CPU
		{D61B0499-5A18-F822-4B5D-FD4CDCE0125B}.Debug|Any CPU.Build.0 = Debug|Any CPU
		{D61B0499-5A18-F822-4B5D-FD4CDCE0125B}.Release|Any CPU.ActiveCfg = Release|Any CPU
		{D61B0499-5A18-F822-4B5D-FD4CDCE0125B}.Release|Any CPU.Build.0 = Release|Any CPU
	EndGlobalSection
	GlobalSection(SolutionProperties) = preSolution
		HideSolutionNode = FALSE
	EndGlobalSection
	GlobalSection(MonoDevelopProperties) = preSolution
		StartupItem = Assembly-CSharp.csproj
	EndGlobalSection
EndGlobal
